// !$*UTF8*$!
{
	archiveVersion = 1;
	classes = {
	};
	objectVersion = 50;
	objects = {

/* Begin PBXBuildFile section */
		11EE570AEC05C6663417E00A /* libPods-DatePickerView.a in Frameworks */ = {isa = PBXBuildFile; fileRef = 6A01ED570005F9DD69DBEB10 /* libPods-DatePickerView.a */; };
		649283CE230BC5FC00C8C5A8 /* AppDelegate.m in Sources */ = {isa = PBXBuildFile; fileRef = 649283CD230BC5FC00C8C5A8 /* AppDelegate.m */; };
		649283D1230BC5FC00C8C5A8 /* ViewController.m in Sources */ = {isa = PBXBuildFile; fileRef = 649283D0230BC5FC00C8C5A8 /* ViewController.m */; };
		649283D4230BC5FC00C8C5A8 /* Main.storyboard in Resources */ = {isa = PBXBuildFile; fileRef = 649283D2230BC5FC00C8C5A8 /* Main.storyboard */; };
		649283D6230BC5FE00C8C5A8 /* Assets.xcassets in Resources */ = {isa = PBXBuildFile; fileRef = 649283D5230BC5FE00C8C5A8 /* Assets.xcassets */; };
		649283D9230BC5FE00C8C5A8 /* LaunchScreen.storyboard in Resources */ = {isa = PBXBuildFile; fileRef = 649283D7230BC5FE00C8C5A8 /* LaunchScreen.storyboard */; };
		649283DC230BC5FE00C8C5A8 /* main.m in Sources */ = {isa = PBXBuildFile; fileRef = 649283DB230BC5FE00C8C5A8 /* main.m */; };
		649283E6230BC5FE00C8C5A8 /* DatePickerViewTests.m in Sources */ = {isa = PBXBuildFile; fileRef = 649283E5230BC5FE00C8C5A8 /* DatePickerViewTests.m */; };
		649283F1230BC5FE00C8C5A8 /* DatePickerViewUITests.m in Sources */ = {isa = PBXBuildFile; fileRef = 649283F0230BC5FE00C8C5A8 /* DatePickerViewUITests.m */; };
		64928407230BC61700C8C5A8 /* ZDBPickerCellView.m in Sources */ = {isa = PBXBuildFile; fileRef = 649283FF230BC61700C8C5A8 /* ZDBPickerCellView.m */; };
		64928408230BC61700C8C5A8 /* ZDBPickerManager.m in Sources */ = {isa = PBXBuildFile; fileRef = 64928403230BC61700C8C5A8 /* ZDBPickerManager.m */; };
		64928409230BC61700C8C5A8 /* ZDBPickerView.m in Sources */ = {isa = PBXBuildFile; fileRef = 64928405230BC61700C8C5A8 /* ZDBPickerView.m */; };
		6492840A230BC61700C8C5A8 /* ZDBPickerColumnView.m in Sources */ = {isa = PBXBuildFile; fileRef = 64928406230BC61700C8C5A8 /* ZDBPickerColumnView.m */; };
		6492840D230BC9F800C8C5A8 /* UIColor+Palette.m in Sources */ = {isa = PBXBuildFile; fileRef = 6492840B230BC9F800C8C5A8 /* UIColor+Palette.m */; };
/* End PBXBuildFile section */

/* Begin PBXContainerItemProxy section */
		649283E2230BC5FE00C8C5A8 /* PBXContainerItemProxy */ = {
			isa = PBXContainerItemProxy;
			containerPortal = 649283C1230BC5FC00C8C5A8 /* Project object */;
			proxyType = 1;
			remoteGlobalIDString = 649283C8230BC5FC00C8C5A8;
			remoteInfo = DatePickerView;
		};
		649283ED230BC5FE00C8C5A8 /* PBXContainerItemProxy */ = {
			isa = PBXContainerItemProxy;
			containerPortal = 649283C1230BC5FC00C8C5A8 /* Project object */;
			proxyType = 1;
			remoteGlobalIDString = 649283C8230BC5FC00C8C5A8;
			remoteInfo = DatePickerView;
		};
/* End PBXContainerItemProxy section */

/* Begin PBXFileReference section */
		3F90F3EE7F9CE473EB45272C /* Pods-DatePickerView.debug.xcconfig */ = {isa = PBXFileReference; includeInIndex = 1; lastKnownFileType = text.xcconfig; name = "Pods-DatePickerView.debug.xcconfig"; path = "Target Support Files/Pods-DatePickerView/Pods-DatePickerView.debug.xcconfig"; sourceTree = "<group>"; };
		649283C9230BC5FC00C8C5A8 /* DatePickerView.app */ = {isa = PBXFileReference; explicitFileType = wrapper.application; includeInIndex = 0; path = DatePickerView.app; sourceTree = BUILT_PRODUCTS_DIR; };
		649283CC230BC5FC00C8C5A8 /* AppDelegate.h */ = {isa = PBXFileReference; lastKnownFileType = sourcecode.c.h; path = AppDelegate.h; sourceTree = "<group>"; };
		649283CD230BC5FC00C8C5A8 /* AppDelegate.m */ = {isa = PBXFileReference; lastKnownFileType = sourcecode.c.objc; path = AppDelegate.m; sourceTree = "<group>"; };
		649283CF230BC5FC00C8C5A8 /* ViewController.h */ = {isa = PBXFileReference; lastKnownFileType = sourcecode.c.h; path = ViewController.h; sourceTree = "<group>"; };
		649283D0230BC5FC00C8C5A8 /* ViewController.m */ = {isa = PBXFileReference; lastKnownFileType = sourcecode.c.objc; path = ViewController.m; sourceTree = "<group>"; };
		649283D3230BC5FC00C8C5A8 /* Base */ = {isa = PBXFileReference; lastKnownFileType = file.storyboard; name = Base; path = Base.lproj/Main.storyboard; sourceTree = "<group>"; };
		649283D5230BC5FE00C8C5A8 /* Assets.xcassets */ = {isa = PBXFileReference; lastKnownFileType = folder.assetcatalog; path = Assets.xcassets; sourceTree = "<group>"; };
		649283D8230BC5FE00C8C5A8 /* Base */ = {isa = PBXFileReference; lastKnownFileType = file.storyboard; name = Base; path = Base.lproj/LaunchScreen.storyboard; sourceTree = "<group>"; };
		649283DA230BC5FE00C8C5A8 /* Info.plist */ = {isa = PBXFileReference; lastKnownFileType = text.plist.xml; path = Info.plist; sourceTree = "<group>"; };
		649283DB230BC5FE00C8C5A8 /* main.m */ = {isa = PBXFileReference; lastKnownFileType = sourcecode.c.objc; path = main.m; sourceTree = "<group>"; };
		649283E1230BC5FE00C8C5A8 /* DatePickerViewTests.xctest */ = {isa = PBXFileReference; explicitFileType = wrapper.cfbundle; includeInIndex = 0; path = DatePickerViewTests.xctest; sourceTree = BUILT_PRODUCTS_DIR; };
		649283E5230BC5FE00C8C5A8 /* DatePickerViewTests.m */ = {isa = PBXFileReference; lastKnownFileType = sourcecode.c.objc; path = DatePickerViewTests.m; sourceTree = "<group>"; };
		649283E7230BC5FE00C8C5A8 /* Info.plist */ = {isa = PBXFileReference; lastKnownFileType = text.plist.xml; path = Info.plist; sourceTree = "<group>"; };
		649283EC230BC5FE00C8C5A8 /* DatePickerViewUITests.xctest */ = {isa = PBXFileReference; explicitFileType = wrapper.cfbundle; includeInIndex = 0; path = DatePickerViewUITests.xctest; sourceTree = BUILT_PRODUCTS_DIR; };
		649283F0230BC5FE00C8C5A8 /* DatePickerViewUITests.m */ = {isa = PBXFileReference; lastKnownFileType = sourcecode.c.objc; path = DatePickerViewUITests.m; sourceTree = "<group>"; };
		649283F2230BC5FE00C8C5A8 /* Info.plist */ = {isa = PBXFileReference; lastKnownFileType = text.plist.xml; path = Info.plist; sourceTree = "<group>"; };
		649283FF230BC61700C8C5A8 /* ZDBPickerCellView.m */ = {isa = PBXFileReference; fileEncoding = 4; lastKnownFileType = sourcecode.c.objc; path = ZDBPickerCellView.m; sourceTree = "<group>"; };
		64928400230BC61700C8C5A8 /* ZDBPickerManager.h */ = {isa = PBXFileReference; fileEncoding = 4; lastKnownFileType = sourcecode.c.h; path = ZDBPickerManager.h; sourceTree = "<group>"; };
		64928401230BC61700C8C5A8 /* ZDBPickerColumnView.h */ = {isa = PBXFileReference; fileEncoding = 4; lastKnownFileType = sourcecode.c.h; path = ZDBPickerColumnView.h; sourceTree = "<group>"; };
		64928402230BC61700C8C5A8 /* ZDBPickerView.h */ = {isa = PBXFileReference; fileEncoding = 4; lastKnownFileType = sourcecode.c.h; path = ZDBPickerView.h; sourceTree = "<group>"; };
		64928403230BC61700C8C5A8 /* ZDBPickerManager.m */ = {isa = PBXFileReference; fileEncoding = 4; lastKnownFileType = sourcecode.c.objc; path = ZDBPickerManager.m; sourceTree = "<group>"; };
		64928404230BC61700C8C5A8 /* ZDBPickerCellView.h */ = {isa = PBXFileReference; fileEncoding = 4; lastKnownFileType = sourcecode.c.h; path = ZDBPickerCellView.h; sourceTree = "<group>"; };
		64928405230BC61700C8C5A8 /* ZDBPickerView.m */ = {isa = PBXFileReference; fileEncoding = 4; lastKnownFileType = sourcecode.c.objc; path = ZDBPickerView.m; sourceTree = "<group>"; };
		64928406230BC61700C8C5A8 /* ZDBPickerColumnView.m */ = {isa = PBXFileReference; fileEncoding = 4; lastKnownFileType = sourcecode.c.objc; path = ZDBPickerColumnView.m; sourceTree = "<group>"; };
		6492840B230BC9F800C8C5A8 /* UIColor+Palette.m */ = {isa = PBXFileReference; fileEncoding = 4; lastKnownFileType = sourcecode.c.objc; path = "UIColor+Palette.m"; sourceTree = "<group>"; };
		6492840C230BC9F800C8C5A8 /* UIColor+Palette.h */ = {isa = PBXFileReference; fileEncoding = 4; lastKnownFileType = sourcecode.c.h; path = "UIColor+Palette.h"; sourceTree = "<group>"; };
		69E492A30238A4015CD7A1D8 /* Pods-DatePickerView.release.xcconfig */ = {isa = PBXFileReference; includeInIndex = 1; lastKnownFileType = text.xcconfig; name = "Pods-DatePickerView.release.xcconfig"; path = "Target Support Files/Pods-DatePickerView/Pods-DatePickerView.release.xcconfig"; sourceTree = "<group>"; };
		6A01ED570005F9DD69DBEB10 /* libPods-DatePickerView.a */ = {isa = PBXFileReference; explicitFileType = archive.ar; includeInIndex = 0; path = "libPods-DatePickerView.a"; sourceTree = BUILT_PRODUCTS_DIR; };
/* End PBXFileReference section */

/* Begin PBXFrameworksBuildPhase section */
		649283C6230BC5FC00C8C5A8 /* Frameworks */ = {
			isa = PBXFrameworksBuildPhase;
			buildActionMask = 2147483647;
			files = (
				11EE570AEC05C6663417E00A /* libPods-DatePickerView.a in Frameworks */,
			);
			runOnlyForDeploymentPostprocessing = 0;
		};
		649283DE230BC5FE00C8C5A8 /* Frameworks */ = {
			isa = PBXFrameworksBuildPhase;
			buildActionMask = 2147483647;
			files = (
			);
			runOnlyForDeploymentPostprocessing = 0;
		};
		649283E9230BC5FE00C8C5A8 /* Frameworks */ = {
			isa = PBXFrameworksBuildPhase;
			buildActionMask = 2147483647;
			files = (
			);
			runOnlyForDeploymentPostprocessing = 0;
		};
/* End PBXFrameworksBuildPhase section */

/* Begin PBXGroup section */
		201E2FA3CB19700B071C2AD5 /* Frameworks */ = {
			isa = PBXGroup;
			children = (
				6A01ED570005F9DD69DBEB10 /* libPods-DatePickerView.a */,
			);
			name = Frameworks;
			sourceTree = "<group>";
		};
		3B87A044711909ECE760BEA4 /* Pods */ = {
			isa = PBXGroup;
			children = (
				3F90F3EE7F9CE473EB45272C /* Pods-DatePickerView.debug.xcconfig */,
				69E492A30238A4015CD7A1D8 /* Pods-DatePickerView.release.xcconfig */,
			);
			path = Pods;
			sourceTree = "<group>";
		};
		649283C0230BC5FC00C8C5A8 = {
			isa = PBXGroup;
			children = (
				649283CB230BC5FC00C8C5A8 /* DatePickerView */,
				649283E4230BC5FE00C8C5A8 /* DatePickerViewTests */,
				649283EF230BC5FE00C8C5A8 /* DatePickerViewUITests */,
				649283CA230BC5FC00C8C5A8 /* Products */,
				3B87A044711909ECE760BEA4 /* Pods */,
				201E2FA3CB19700B071C2AD5 /* Frameworks */,
			);
			sourceTree = "<group>";
		};
		649283CA230BC5FC00C8C5A8 /* Products */ = {
			isa = PBXGroup;
			children = (
				649283C9230BC5FC00C8C5A8 /* DatePickerView.app */,
				649283E1230BC5FE00C8C5A8 /* DatePickerViewTests.xctest */,
				649283EC230BC5FE00C8C5A8 /* DatePickerViewUITests.xctest */,
			);
			name = Products;
			sourceTree = "<group>";
		};
		649283CB230BC5FC00C8C5A8 /* DatePickerView */ = {
			isa = PBXGroup;
			children = (
				6492840C230BC9F800C8C5A8 /* UIColor+Palette.h */,
				6492840B230BC9F800C8C5A8 /* UIColor+Palette.m */,
				649283FE230BC61700C8C5A8 /* ZDBDatePicker */,
				649283CC230BC5FC00C8C5A8 /* AppDelegate.h */,
				649283CD230BC5FC00C8C5A8 /* AppDelegate.m */,
				649283CF230BC5FC00C8C5A8 /* ViewController.h */,
				649283D0230BC5FC00C8C5A8 /* ViewController.m */,
				649283D2230BC5FC00C8C5A8 /* Main.storyboard */,
				649283D5230BC5FE00C8C5A8 /* Assets.xcassets */,
				649283D7230BC5FE00C8C5A8 /* LaunchScreen.storyboard */,
				649283DA230BC5FE00C8C5A8 /* Info.plist */,
				649283DB230BC5FE00C8C5A8 /* main.m */,
			);
			path = DatePickerView;
			sourceTree = "<group>";
		};
		649283E4230BC5FE00C8C5A8 /* DatePickerViewTests */ = {
			isa = PBXGroup;
			children = (
				649283E5230BC5FE00C8C5A8 /* DatePickerViewTests.m */,
				649283E7230BC5FE00C8C5A8 /* Info.plist */,
			);
			path = DatePickerViewTests;
			sourceTree = "<group>";
		};
		649283EF230BC5FE00C8C5A8 /* DatePickerViewUITests */ = {
			isa = PBXGroup;
			children = (
				649283F0230BC5FE00C8C5A8 /* DatePickerViewUITests.m */,
				649283F2230BC5FE00C8C5A8 /* Info.plist */,
			);
			path = DatePickerViewUITests;
			sourceTree = "<group>";
		};
		649283FE230BC61700C8C5A8 /* ZDBDatePicker */ = {
			isa = PBXGroup;
			children = (
				64928400230BC61700C8C5A8 /* ZDBPickerManager.h */,
				64928403230BC61700C8C5A8 /* ZDBPickerManager.m */,
				64928402230BC61700C8C5A8 /* ZDBPickerView.h */,
				64928405230BC61700C8C5A8 /* ZDBPickerView.m */,
				64928401230BC61700C8C5A8 /* ZDBPickerColumnView.h */,
				64928406230BC61700C8C5A8 /* ZDBPickerColumnView.m */,
				64928404230BC61700C8C5A8 /* ZDBPickerCellView.h */,
				649283FF230BC61700C8C5A8 /* ZDBPickerCellView.m */,
			);
			path = ZDBDatePicker;
			sourceTree = "<group>";
		};
/* End PBXGroup section */

/* Begin PBXNativeTarget section */
		649283C8230BC5FC00C8C5A8 /* DatePickerView */ = {
			isa = PBXNativeTarget;
			buildConfigurationList = 649283F5230BC5FE00C8C5A8 /* Build configuration list for PBXNativeTarget "DatePickerView" */;
			buildPhases = (
				750740AC0E891F3A83150559 /* [CP] Check Pods Manifest.lock */,
				649283C5230BC5FC00C8C5A8 /* Sources */,
				649283C6230BC5FC00C8C5A8 /* Frameworks */,
				649283C7230BC5FC00C8C5A8 /* Resources */,
			);
			buildRules = (
			);
			dependencies = (
			);
			name = DatePickerView;
			productName = DatePickerView;
			productReference = 649283C9230BC5FC00C8C5A8 /* DatePickerView.app */;
			productType = "com.apple.product-type.application";
		};
		649283E0230BC5FE00C8C5A8 /* DatePickerViewTests */ = {
			isa = PBXNativeTarget;
			buildConfigurationList = 649283F8230BC5FE00C8C5A8 /* Build configuration list for PBXNativeTarget "DatePickerViewTests" */;
			buildPhases = (
				649283DD230BC5FE00C8C5A8 /* Sources */,
				649283DE230BC5FE00C8C5A8 /* Frameworks */,
				649283DF230BC5FE00C8C5A8 /* Resources */,
			);
			buildRules = (
			);
			dependencies = (
				649283E3230BC5FE00C8C5A8 /* PBXTargetDependency */,
			);
			name = DatePickerViewTests;
			productName = DatePickerViewTests;
			productReference = 649283E1230BC5FE00C8C5A8 /* DatePickerViewTests.xctest */;
			productType = "com.apple.product-type.bundle.unit-test";
		};
		649283EB230BC5FE00C8C5A8 /* DatePickerViewUITests */ = {
			isa = PBXNativeTarget;
			buildConfigurationList = 649283FB230BC5FE00C8C5A8 /* Build configuration list for PBXNativeTarget "DatePickerViewUITests" */;
			buildPhases = (
				649283E8230BC5FE00C8C5A8 /* Sources */,
				649283E9230BC5FE00C8C5A8 /* Frameworks */,
				649283EA230BC5FE00C8C5A8 /* Resources */,
			);
			buildRules = (
			);
			dependencies = (
				649283EE230BC5FE00C8C5A8 /* PBXTargetDependency */,
			);
			name = DatePickerViewUITests;
			productName = DatePickerViewUITests;
			productReference = 649283EC230BC5FE00C8C5A8 /* DatePickerViewUITests.xctest */;
			productType = "com.apple.product-type.bundle.ui-testing";
		};
/* End PBXNativeTarget section */

/* Begin PBXProject section */
		649283C1230BC5FC00C8C5A8 /* Project object */ = {
			isa = PBXProject;
			attributes = {
				LastUpgradeCheck = 1030;
				ORGANIZATIONNAME = "不明下落";
				TargetAttributes = {
					649283C8230BC5FC00C8C5A8 = {
						CreatedOnToolsVersion = 10.3;
					};
					649283E0230BC5FE00C8C5A8 = {
						CreatedOnToolsVersion = 10.3;
						TestTargetID = 649283C8230BC5FC00C8C5A8;
					};
					649283EB230BC5FE00C8C5A8 = {
						CreatedOnToolsVersion = 10.3;
						TestTargetID = 649283C8230BC5FC00C8C5A8;
					};
				};
			};
			buildConfigurationList = 649283C4230BC5FC00C8C5A8 /* Build configuration list for PBXProject "DatePickerView" */;
			compatibilityVersion = "Xcode 9.3";
			developmentRegion = en;
			hasScannedForEncodings = 0;
			knownRegions = (
				en,
				Base,
			);
			mainGroup = 649283C0230BC5FC00C8C5A8;
			productRefGroup = 649283CA230BC5FC00C8C5A8 /* Products */;
			projectDirPath = "";
			projectRoot = "";
			targets = (
				649283C8230BC5FC00C8C5A8 /* DatePickerView */,
				649283E0230BC5FE00C8C5A8 /* DatePickerViewTests */,
				649283EB230BC5FE00C8C5A8 /* DatePickerViewUITests */,
			);
		};
/* End PBXProject section */

/* Begin PBXResourcesBuildPhase section */
		649283C7230BC5FC00C8C5A8 /* Resources */ = {
			isa = PBXResourcesBuildPhase;
			buildActionMask = 2147483647;
			files = (
				649283D9230BC5FE00C8C5A8 /* LaunchScreen.storyboard in Resources */,
				649283D6230BC5FE00C8C5A8 /* Assets.xcassets in Resources */,
				649283D4230BC5FC00C8C5A8 /* Main.storyboard in Resources */,
			);
			runOnlyForDeploymentPostprocessing = 0;
		};
		649283DF230BC5FE00C8C5A8 /* Resources */ = {
			isa = PBXResourcesBuildPhase;
			buildActionMask = 2147483647;
			files = (
			);
			runOnlyForDeploymentPostprocessing = 0;
		};
		649283EA230BC5FE00C8C5A8 /* Resources */ = {
			isa = PBXResourcesBuildPhase;
			buildActionMask = 2147483647;
			files = (
			);
			runOnlyForDeploymentPostprocessing = 0;
		};
/* End PBXResourcesBuildPhase section */

/* Begin PBXShellScriptBuildPhase section */
		750740AC0E891F3A83150559 /* [CP] Check Pods Manifest.lock */ = {
			isa = PBXShellScriptBuildPhase;
			buildActionMask = 2147483647;
			files = (
			);
			inputFileListPaths = (
			);
			inputPaths = (
				"${PODS_PODFILE_DIR_PATH}/Podfile.lock",
				"${PODS_ROOT}/Manifest.lock",
			);
			name = "[CP] Check Pods Manifest.lock";
			outputFileListPaths = (
			);
			outputPaths = (
				"$(DERIVED_FILE_DIR)/Pods-DatePickerView-checkManifestLockResult.txt",
			);
			runOnlyForDeploymentPostprocessing = 0;
			shellPath = /bin/sh;
			shellScript = "diff \"${PODS_PODFILE_DIR_PATH}/Podfile.lock\" \"${PODS_ROOT}/Manifest.lock\" > /dev/null\nif [ $? != 0 ] ; then\n    # print error to STDERR\n    echo \"error: The sandbox is not in sync with the Podfile.lock. Run 'pod install' or update your CocoaPods installation.\" >&2\n    exit 1\nfi\n# This output is used by Xcode 'outputs' to avoid re-running this script phase.\necho \"SUCCESS\" > \"${SCRIPT_OUTPUT_FILE_0}\"\n";
			showEnvVarsInLog = 0;
		};
/* End PBXShellScriptBuildPhase section */

/* Begin PBXSourcesBuildPhase section */
		649283C5230BC5FC00C8C5A8 /* Sources */ = {
			isa = PBXSourcesBuildPhase;
			buildActionMask = 2147483647;
			files = (
				6492840A230BC61700C8C5A8 /* ZDBPickerColumnView.m in Sources */,
				649283D1230BC5FC00C8C5A8 /* ViewController.m in Sources */,
				64928409230BC61700C8C5A8 /* ZDBPickerView.m in Sources */,
				6492840D230BC9F800C8C5A8 /* UIColor+Palette.m in Sources */,
				649283DC230BC5FE00C8C5A8 /* main.m in Sources */,
				649283CE230BC5FC00C8C5A8 /* AppDelegate.m in Sources */,
				64928407230BC61700C8C5A8 /* ZDBPickerCellView.m in Sources */,
				64928408230BC61700C8C5A8 /* ZDBPickerManager.m in Sources */,
			);
			runOnlyForDeploymentPostprocessing = 0;
		};
		649283DD230BC5FE00C8C5A8 /* Sources */ = {
			isa = PBXSourcesBuildPhase;
			buildActionMask = 2147483647;
			files = (
				649283E6230BC5FE00C8C5A8 /* DatePickerViewTests.m in Sources */,
			);
			runOnlyForDeploymentPostprocessing = 0;
		};
		649283E8230BC5FE00C8C5A8 /* Sources */ = {
			isa = PBXSourcesBuildPhase;
			buildActionMask = 2147483647;
			files = (
				649283F1230BC5FE00C8C5A8 /* DatePickerViewUITests.m in Sources */,
			);
			runOnlyForDeploymentPostprocessing = 0;
		};
/* End PBXSourcesBuildPhase section */

/* Begin PBXTargetDependency section */
		649283E3230BC5FE00C8C5A8 /* PBXTargetDependency */ = {
			isa = PBXTargetDependency;
			target = 649283C8230BC5FC00C8C5A8 /* DatePickerView */;
			targetProxy = 649283E2230BC5FE00C8C5A8 /* PBXContainerItemProxy */;
		};
		649283EE230BC5FE00C8C5A8 /* PBXTargetDependency */ = {
			isa = PBXTargetDependency;
			target = 649283C8230BC5FC00C8C5A8 /* DatePickerView */;
			targetProxy = 649283ED230BC5FE00C8C5A8 /* PBXContainerItemProxy */;
		};
/* End PBXTargetDependency section */

/* Begin PBXVariantGroup section */
		649283D2230BC5FC00C8C5A8 /* Main.storyboard */ = {
			isa = PBXVariantGroup;
			children = (
				649283D3230BC5FC00C8C5A8 /* Base */,
			);
			name = Main.storyboard;
			sourceTree = "<group>";
		};
		649283D7230BC5FE00C8C5A8 /* LaunchScreen.storyboard */ = {
			isa = PBXVariantGroup;
			children = (
				649283D8230BC5FE00C8C5A8 /* Base */,
			);
			name = LaunchScreen.storyboard;
			sourceTree = "<group>";
		};
/* End PBXVariantGroup section */

/* Begin XCBuildConfiguration section */
		649283F3230BC5FE00C8C5A8 /* Debug */ = {
			isa = XCBuildConfiguration;
			buildSettings = {
				ALWAYS_SEARCH_USER_PATHS = NO;
				CLANG_ANALYZER_NONNULL = YES;
				CLANG_ANALYZER_NUMBER_OBJECT_CONVERSION = YES_AGGRESSIVE;
				CLANG_CXX_LANGUAGE_STANDARD = "gnu++14";
				CLANG_CXX_LIBRARY = "libc++";
				CLANG_ENABLE_MODULES = YES;
				CLANG_ENABLE_OBJC_ARC = YES;
				CLANG_ENABLE_OBJC_WEAK = YES;
				CLANG_WARN_BLOCK_CAPTURE_AUTORELEASING = YES;
				CLANG_WARN_BOOL_CONVERSION = YES;
				CLANG_WARN_COMMA = YES;
				CLANG_WARN_CONSTANT_CONVERSION = YES;
				CLANG_WARN_DEPRECATED_OBJC_IMPLEMENTATIONS = YES;
				CLANG_WARN_DIRECT_OBJC_ISA_USAGE = YES_ERROR;
				CLANG_WARN_DOCUMENTATION_COMMENTS = YES;
				CLANG_WARN_EMPTY_BODY = YES;
				CLANG_WARN_ENUM_CONVERSION = YES;
				CLANG_WARN_INFINITE_RECURSION = YES;
				CLANG_WARN_INT_CONVERSION = YES;
				CLANG_WARN_NON_LITERAL_NULL_CONVERSION = YES;
				CLANG_WARN_OBJC_IMPLICIT_RETAIN_SELF = YES;
				CLANG_WARN_OBJC_LITERAL_CONVERSION = YES;
				CLANG_WARN_OBJC_ROOT_CLASS = YES_ERROR;
				CLANG_WARN_RANGE_LOOP_ANALYSIS = YES;
				CLANG_WARN_STRICT_PROTOTYPES = YES;
				CLANG_WARN_SUSPICIOUS_MOVE = YES;
				CLANG_WARN_UNGUARDED_AVAILABILITY = YES_AGGRESSIVE;
				CLANG_WARN_UNREACHABLE_CODE = YES;
				CLANG_WARN__DUPLICATE_METHOD_MATCH = YES;
				CODE_SIGN_IDENTITY = "iPhone Developer";
				COPY_PHASE_STRIP = NO;
				DEBUG_INFORMATION_FORMAT = dwarf;
				ENABLE_STRICT_OBJC_MSGSEND = YES;
				ENABLE_TESTABILITY = YES;
				GCC_C_LANGUAGE_STANDARD = gnu11;
				GCC_DYNAMIC_NO_PIC = NO;
				GCC_NO_COMMON_BLOCKS = YES;
				GCC_OPTIMIZATION_LEVEL = 0;
				GCC_PREPROCESSOR_DEFINITIONS = (
					"DEBUG=1",
					"$(inherited)",
				);
				GCC_WARN_64_TO_32_BIT_CONVERSION = YES;
				GCC_WARN_ABOUT_RETURN_TYPE = YES_ERROR;
				GCC_WARN_UNDECLARED_SELECTOR = YES;
				GCC_WARN_UNINITIALIZED_AUTOS = YES_AGGRESSIVE;
				GCC_WARN_UNUSED_FUNCTION = YES;
				GCC_WARN_UNUSED_VARIABLE = YES;
				IPHONEOS_DEPLOYMENT_TARGET = 12.4;
				MTL_ENABLE_DEBUG_INFO = INCLUDE_SOURCE;
				MTL_FAST_MATH = YES;
				ONLY_ACTIVE_ARCH = YES;
				SDKROOT = iphoneos;
			};
			name = Debug;
		};
		649283F4230BC5FE00C8C5A8 /* Release */ = {
			isa = XCBuildConfiguration;
			buildSettings = {
				ALWAYS_SEARCH_USER_PATHS = NO;
				CLANG_ANALYZER_NONNULL = YES;
				CLANG_ANALYZER_NUMBER_OBJECT_CONVERSION = YES_AGGRESSIVE;
				CLANG_CXX_LANGUAGE_STANDARD = "gnu++14";
				CLANG_CXX_LIBRARY = "libc++";
				CLANG_ENABLE_MODULES = YES;
				CLANG_ENABLE_OBJC_ARC = YES;
				CLANG_ENABLE_OBJC_WEAK = YES;
				CLANG_WARN_BLOCK_CAPTURE_AUTORELEASING = YES;
				CLANG_WARN_BOOL_CONVERSION = YES;
				CLANG_WARN_COMMA = YES;
				CLANG_WARN_CONSTANT_CONVERSION = YES;
				CLANG_WARN_DEPRECATED_OBJC_IMPLEMENTATIONS = YES;
				CLANG_WARN_DIRECT_OBJC_ISA_USAGE = YES_ERROR;
				CLANG_WARN_DOCUMENTATION_COMMENTS = YES;
				CLANG_WARN_EMPTY_BODY = YES;
				CLANG_WARN_ENUM_CONVERSION = YES;
				CLANG_WARN_INFINITE_RECURSION = YES;
				CLANG_WARN_INT_CONVERSION = YES;
				CLANG_WARN_NON_LITERAL_NULL_CONVERSION = YES;
				CLANG_WARN_OBJC_IMPLICIT_RETAIN_SELF = YES;
				CLANG_WARN_OBJC_LITERAL_CONVERSION = YES;
				CLANG_WARN_OBJC_ROOT_CLASS = YES_ERROR;
				CLANG_WARN_RANGE_LOOP_ANALYSIS = YES;
				CLANG_WARN_STRICT_PROTOTYPES = YES;
				CLANG_WARN_SUSPICIOUS_MOVE = YES;
				CLANG_WARN_UNGUARDED_AVAILABILITY = YES_AGGRESSIVE;
				CLANG_WARN_UNREACHABLE_CODE = YES;
				CLANG_WARN__DUPLICATE_METHOD_MATCH = YES;
				CODE_SIGN_IDENTITY = "iPhone Developer";
				COPY_PHASE_STRIP = NO;
				DEBUG_INFORMATION_FORMAT = "dwarf-with-dsym";
				ENABLE_NS_ASSERTIONS = NO;
				ENABLE_STRICT_OBJC_MSGSEND = YES;
				GCC_C_LANGUAGE_STANDARD = gnu11;
				GCC_NO_COMMON_BLOCKS = YES;
				GCC_WARN_64_TO_32_BIT_CONVERSION = YES;
				GCC_WARN_ABOUT_RETURN_TYPE = YES_ERROR;
				GCC_WARN_UNDECLARED_SELECTOR = YES;
				GCC_WARN_UNINITIALIZED_AUTOS = YES_AGGRESSIVE;
				GCC_WARN_UNUSED_FUNCTION = YES;
				GCC_WARN_UNUSED_VARIABLE = YES;
				IPHONEOS_DEPLOYMENT_TARGET = 12.4;
				MTL_ENABLE_DEBUG_INFO = NO;
				MTL_FAST_MATH = YES;
				SDKROOT = iphoneos;
				VALIDATE_PRODUCT = YES;
			};
			name = Release;
		};
		649283F6230BC5FE00C8C5A8 /* Debug */ = {
			isa = XCBuildConfiguration;
			baseConfigurationReference = 3F90F3EE7F9CE473EB45272C /* Pods-DatePickerView.debug.xcconfig */;
			buildSettings = {
				ASSETCATALOG_COMPILER_APPICON_NAME = AppIcon;
				CODE_SIGN_STYLE = Automatic;
				DEVELOPMENT_TEAM = HJFP99G4PR;
				INFOPLIST_FILE = DatePickerView/Info.plist;
				IPHONEOS_DEPLOYMENT_TARGET = 9.0;
				LD_RUNPATH_SEARCH_PATHS = (
					"$(inherited)",
					"@executable_path/Frameworks",
				);
				PRODUCT_BUNDLE_IDENTIFIER = com.DatePickerView;
				PRODUCT_NAME = "$(TARGET_NAME)";
				TARGETED_DEVICE_FAMILY = "1,2";
			};
			name = Debug;
		};
		649283F7230BC5FE00C8C5A8 /* Release */ = {
			isa = XCBuildConfiguration;
			baseConfigurationReference = 69E492A30238A4015CD7A1D8 /* Pods-DatePickerView.release.xcconfig */;
			buildSettings = {
				ASSETCATALOG_COMPILER_APPICON_NAME = AppIcon;
				CODE_SIGN_STYLE = Automatic;
				DEVELOPMENT_TEAM = HJFP99G4PR;
				INFOPLIST_FILE = DatePickerView/Info.plist;
				IPHONEOS_DEPLOYMENT_TARGET = 9.0;
				LD_RUNPATH_SEARCH_PATHS = (
					"$(inherited)",
					"@executable_path/Frameworks",
				);
				PRODUCT_BUNDLE_IDENTIFIER = com.DatePickerView;
				PRODUCT_NAME = "$(TARGET_NAME)";
				TARGETED_DEVICE_FAMILY = "1,2";
			};
			name = Release;
		};
		649283F9230BC5FE00C8C5A8 /* Debug */ = {
			isa = XCBuildConfiguration;
			buildSettings = {
				BUNDLE_LOADER = "$(TEST_HOST)";
				CODE_SIGN_STYLE = Automatic;
				DEVELOPMENT_TEAM = HJFP99G4PR;
				INFOPLIST_FILE = DatePickerViewTests/Info.plist;
				LD_RUNPATH_SEARCH_PATHS = (
					"$(inherited)",
					"@executable_path/Frameworks",
					"@loader_path/Frameworks",
				);
				PRODUCT_BUNDLE_IDENTIFIER = com.DatePickerViewTests;
				PRODUCT_NAME = "$(TARGET_NAME)";
				TARGETED_DEVICE_FAMILY = "1,2";
				TEST_HOST = "$(BUILT_PRODUCTS_DIR)/DatePickerView.app/DatePickerView";
			};
			name = Debug;
		};
		649283FA230BC5FE00C8C5A8 /* Release */ = {
			isa = XCBuildConfiguration;
			buildSettings = {
				BUNDLE_LOADER = "$(TEST_HOST)";
				CODE_SIGN_STYLE = Automatic;
				DEVELOPMENT_TEAM = HJFP99G4PR;
				INFOPLIST_FILE = DatePickerViewTests/Info.plist;
				LD_RUNPATH_SEARCH_PATHS = (
					"$(inherited)",
					"@executable_path/Frameworks",
					"@loader_path/Frameworks",
				);
				PRODUCT_BUNDLE_IDENTIFIER = com.DatePickerViewTests;
				PRODUCT_NAME = "$(TARGET_NAME)";
				TARGETED_DEVICE_FAMILY = "1,2";
				TEST_HOST = "$(BUILT_PRODUCTS_DIR)/DatePickerView.app/DatePickerView";
			};
			name = Release;
		};
		649283FC230BC5FE00C8C5A8 /* Debug */ = {
			isa = XCBuildConfiguration;
			buildSettings = {
				CODE_SIGN_STYLE = Automatic;
				DEVELOPMENT_TEAM = HJFP99G4PR;
				INFOPLIST_FILE = DatePickerViewUITests/Info.plist;
				LD_RUNPATH_SEARCH_PATHS = (
					"$(inherited)",
					"@executable_path/Frameworks",
					"@loader_path/Frameworks",
				);
				PRODUCT_BUNDLE_IDENTIFIER = com.DatePickerViewUITests;
				PRODUCT_NAME = "$(TARGET_NAME)";
				TARGETED_DEVICE_FAMILY = "1,2";
				TEST_TARGET_NAME = DatePickerView;
			};
			name = Debug;
		};
		649283FD230BC5FE00C8C5A8 /* Release */ = {
			isa = XCBuildConfiguration;
			buildSettings = {
				CODE_SIGN_STYLE = Automatic;
				DEVELOPMENT_TEAM = HJFP99G4PR;
				INFOPLIST_FILE = DatePickerViewUITests/Info.plist;
				LD_RUNPATH_SEARCH_PATHS = (
					"$(inherited)",
					"@executable_path/Frameworks",
					"@loader_path/Frameworks",
				);
				PRODUCT_BUNDLE_IDENTIFIER = com.DatePickerViewUITests;
				PRODUCT_NAME = "$(TARGET_NAME)";
				TARGETED_DEVICE_FAMILY = "1,2";
				TEST_TARGET_NAME = DatePickerView;
			};
			name = Release;
		};
/* End XCBuildConfiguration section */

/* Begin XCConfigurationList section */
		649283C4230BC5FC00C8C5A8 /* Build configuration list for PBXProject "DatePickerView" */ = {
			isa = XCConfigurationList;
			buildConfigurations = (
				649283F3230BC5FE00C8C5A8 /* Debug */,
				649283F4230BC5FE00C8C5A8 /* Release */,
			);
			defaultConfigurationIsVisible = 0;
			defaultConfigurationName = Release;
		};
		649283F5230BC5FE00C8C5A8 /* Build configuration list for PBXNativeTarget "DatePickerView" */ = {
			isa = XCConfigurationList;
			buildConfigurations = (
				649283F6230BC5FE00C8C5A8 /* Debug */,
				649283F7230BC5FE00C8C5A8 /* Release */,
			);
			defaultConfigurationIsVisible = 0;
			defaultConfigurationName = Release;
		};
		649283F8230BC5FE00C8C5A8 /* Build configuration list for PBXNativeTarget "DatePickerViewTests" */ = {
			isa = XCConfigurationList;
			buildConfigurations = (
				649283F9230BC5FE00C8C5A8 /* Debug */,
				649283FA230BC5FE00C8C5A8 /* Release */,
			);
			defaultConfigurationIsVisible = 0;
			defaultConfigurationName = Release;
		};
		649283FB230BC5FE00C8C5A8 /* Build configuration list for PBXNativeTarget "DatePickerViewUITests" */ = {
			isa = XCConfigurationList;
			buildConfigurations = (
				649283FC230BC5FE00C8C5A8 /* Debug */,
				649283FD230BC5FE00C8C5A8 /* Release */,
			);
			defaultConfigurationIsVisible = 0;
			defaultConfigurationName = Release;
		};
/* End XCConfigurationList section */
	};
	rootObject = 649283C1230BC5FC00C8C5A8 /* Project object */;
}
